
Microsoft Visual Studio Solution File, Format Version 12.00
# Visual Studio Version 17
VisualStudioVersion = 17.3.32901.215
MinimumVisualStudioVersion = 10.0.40219.1
Project("{FAE04EC0-301F-11D3-BF4B-00C04F79EFBC}") = "IndependentWork3WpfApp", "IndependentWork3WpfApp\IndependentWork3WpfApp.csproj", "{7693F613-D738-4EAA-BBDD-38381C10A734}"
EndProject
Global
	GlobalSection(SolutionConfigurationPlatforms) = preSolution
		Debug|Any CPU = Debug|Any CPU
		Release|Any CPU = Release|Any CPU
	EndGlobalSection
	GlobalSection(ProjectConfigurationPlatforms) = postSolution
		{7693F613-D738-4EAA-BBDD-38381C10A734}.Debug|Any CPU.ActiveCfg = Debug|Any CPU
		{7693F613-D738-4EAA-BBDD-38381C10A734}.Debug|Any CPU.Build.0 = Debug|Any CPU
		{7693F613-D738-4EAA-BBDD-38381C10A734}.Release|Any CPU.ActiveCfg = Release|Any CPU
		{7693F613-D738-4EAA-BBDD-38381C10A734}.Release|Any CPU.Build.0 = Release|Any CPU
	EndGlobalSection
	GlobalSection(SolutionProperties) = preSolution
		HideSolutionNode = FALSE
	EndGlobalSection
	GlobalSection(ExtensibilityGlobals) = postSolution
		SolutionGuid = {207B8120-D986-4DFE-AA06-D4E774D35E44}
	EndGlobalSection
EndGlobal
